
Microsoft Visual Studio Solution File, Format Version 12.00
# Visual Studio 14
VisualStudioVersion = 14.0.25123.0
MinimumVisualStudioVersion = 10.0.40219.1
Project("{2150E333-8FDC-42A3-9474-1A3956D46DE8}") = "000NOTES", "000NOTES", "{49E00B19-9D55-4AB1-823E-0314632CE2EA}"
	ProjectSection(SolutionItems) = preProject
		Notes.txt = Notes.txt
	EndProjectSection
EndProject
Project("{8BC9CEB8-8B4A-11D0-8D11-00A0C91BC942}") = "Packet", "Packet\Packet.vcxproj", "{D4914D9B-D4DA-4CDC-9797-82E402C7311A}"
EndProject
Project("{8BC9CEB8-8B4A-11D0-8D11-00A0C91BC942}") = "libPacket", "Packet\libPacket.vcxproj", "{599F067B-35F1-4C61-A28D-CD459A2019BB}"
EndProject
Project("{2150E333-8FDC-42A3-9474-1A3956D46DE8}") = "Packet", "Packet", "{68F285A0-18FE-4847-BD9E-48767C31CADE}"
EndProject
Project("{2150E333-8FDC-42A3-9474-1A3956D46DE8}") = "utils", "utils", "{53104E40-8C45-4E4A-B07D-9CE895D9AEBA}"
EndProject
Project("{8BC9CEB8-8B4A-11D0-8D11-00A0C91BC942}") = "npf-loader", "utils\npf-loader\npf-loader.vcxproj", "{E164EF98-9474-49A9-A047-C6D741A77E5D}"
EndProject
Project("{2150E333-8FDC-42A3-9474-1A3956D46DE8}") = "npf", "npf", "{ED89F8A7-3331-4339-A011-B670C38F4D80}"
EndProject
Project("{8BC9CEB8-8B4A-11D0-8D11-00A0C91BC942}") = "npf", "npf\npf.vcxproj", "{658E19EC-9353-465D-958F-9784C8080E37}"
EndProject
Project("{2150E333-8FDC-42A3-9474-1A3956D46DE8}") = "tests", "tests", "{CD3267EE-1DB6-466F-991D-8BD1D28821C7}"
EndProject
Project("{8BC9CEB8-8B4A-11D0-8D11-00A0C91BC942}") = "TestPacketCapture", "tests\TestPacketCapture\TestPacketCapture.vcxproj", "{E2FA9724-D24B-4DC0-8F76-3C04D90ED926}"
EndProject
Project("{8BC9CEB8-8B4A-11D0-8D11-00A0C91BC942}") = "TestPacketSend", "tests\TestPacketSend\TestPacketSend.vcxproj", "{8846F9A0-7628-483B-800F-CB5458D4AD52}"
EndProject
Project("{8BC9CEB8-8B4A-11D0-8D11-00A0C91BC942}") = "GetMacAddress", "tests\GetMacAddress\GetMacAddress.vcxproj", "{3B111C76-ABE7-4BC3-9707-266587996EB1}"
EndProject
Project("{8BC9CEB8-8B4A-11D0-8D11-00A0C91BC942}") = "WlanHelper", "utils\WlanHelper\WlanHelper.vcxproj", "{AC7C807E-5084-4C9B-AB5E-3F60063C8423}"
EndProject
Global
	GlobalSection(SolutionConfigurationPlatforms) = preSolution
		Debug|ARM = Debug|ARM
		Debug|ARM64 = Debug|ARM64
		Debug|x64 = Debug|x64
		Debug|x86 = Debug|x86
		Release|ARM = Release|ARM
		Release|ARM64 = Release|ARM64
		Release|x64 = Release|x64
		Release|x86 = Release|x86
		Description = The WinPcap packet capture library. Reloaded.
	EndGlobalSection
	GlobalSection(ProjectConfigurationPlatforms) = postSolution
		{D4914D9B-D4DA-4CDC-9797-82E402C7311A}.Debug|ARM.ActiveCfg = Debug|ARM
		{D4914D9B-D4DA-4CDC-9797-82E402C7311A}.Debug|ARM.Build.0 = Debug|ARM
		{D4914D9B-D4DA-4CDC-9797-82E402C7311A}.Debug|ARM64.ActiveCfg = Debug|ARM64
		{D4914D9B-D4DA-4CDC-9797-82E402C7311A}.Debug|ARM64.Build.0 = Debug|ARM64
		{D4914D9B-D4DA-4CDC-9797-82E402C7311A}.Debug|x64.ActiveCfg = Debug|x64
		{D4914D9B-D4DA-4CDC-9797-82E402C7311A}.Debug|x64.Build.0 = Debug|x64
		{D4914D9B-D4DA-4CDC-9797-82E402C7311A}.Debug|x86.ActiveCfg = Debug|Win32
		{D4914D9B-D4DA-4CDC-9797-82E402C7311A}.Debug|x86.Build.0 = Debug|Win32
		{D4914D9B-D4DA-4CDC-9797-82E402C7311A}.Release|ARM.ActiveCfg = Release|ARM
		{D4914D9B-D4DA-4CDC-9797-82E402C7311A}.Release|ARM.Build.0 = Release|ARM
		{D4914D9B-D4DA-4CDC-9797-82E402C7311A}.Release|ARM64.ActiveCfg = Release|ARM64
		{D4914D9B-D4DA-4CDC-9797-82E402C7311A}.Release|ARM64.Build.0 = Release|ARM64
		{D4914D9B-D4DA-4CDC-9797-82E402C7311A}.Release|x64.ActiveCfg = Release|x64
		{D4914D9B-D4DA-4CDC-9797-82E402C7311A}.Release|x64.Build.0 = Release|x64
		{D4914D9B-D4DA-4CDC-9797-82E402C7311A}.Release|x86.ActiveCfg = Release|Win32
		{D4914D9B-D4DA-4CDC-9797-82E402C7311A}.Release|x86.Build.0 = Release|Win32
		{599F067B-35F1-4C61-A28D-CD459A2019BB}.Debug|ARM.ActiveCfg = Debug|ARM
		{599F067B-35F1-4C61-A28D-CD459A2019BB}.Debug|ARM.Build.0 = Debug|ARM
		{599F067B-35F1-4C61-A28D-CD459A2019BB}.Debug|ARM.Deploy.0 = Debug|ARM
		{599F067B-35F1-4C61-A28D-CD459A2019BB}.Debug|ARM64.ActiveCfg = Debug|ARM64
		{599F067B-35F1-4C61-A28D-CD459A2019BB}.Debug|ARM64.Build.0 = Debug|ARM64
		{599F067B-35F1-4C61-A28D-CD459A2019BB}.Debug|ARM64.Deploy.0 = Debug|ARM64
		{599F067B-35F1-4C61-A28D-CD459A2019BB}.Debug|x64.ActiveCfg = Debug|x64
		{599F067B-35F1-4C61-A28D-CD459A2019BB}.Debug|x64.Build.0 = Debug|x64
		{599F067B-35F1-4C61-A28D-CD459A2019BB}.Debug|x64.Deploy.0 = Debug|x64
		{599F067B-35F1-4C61-A28D-CD459A2019BB}.Debug|x86.ActiveCfg = Debug|Win32
		{599F067B-35F1-4C61-A28D-CD459A2019BB}.Debug|x86.Build.0 = Debug|Win32
		{599F067B-35F1-4C61-A28D-CD459A2019BB}.Debug|x86.Deploy.0 = Debug|Win32
		{599F067B-35F1-4C61-A28D-CD459A2019BB}.Release|ARM.ActiveCfg = Release|ARM
		{599F067B-35F1-4C61-A28D-CD459A2019BB}.Release|ARM.Build.0 = Release|ARM
		{599F067B-35F1-4C61-A28D-CD459A2019BB}.Release|ARM.Deploy.0 = Release|ARM
		{599F067B-35F1-4C61-A28D-CD459A2019BB}.Release|ARM64.ActiveCfg = Release|ARM64
		{599F067B-35F1-4C61-A28D-CD459A2019BB}.Release|ARM64.Build.0 = Release|ARM64
		{599F067B-35F1-4C61-A28D-CD459A2019BB}.Release|ARM64.Deploy.0 = Release|ARM64
		{599F067B-35F1-4C61-A28D-CD459A2019BB}.Release|x64.ActiveCfg = Release|x64
		{599F067B-35F1-4C61-A28D-CD459A2019BB}.Release|x64.Build.0 = Release|x64
		{599F067B-35F1-4C61-A28D-CD459A2019BB}.Release|x64.Deploy.0 = Release|x64
		{599F067B-35F1-4C61-A28D-CD459A2019BB}.Release|x86.ActiveCfg = Release|Win32
		{599F067B-35F1-4C61-A28D-CD459A2019BB}.Release|x86.Build.0 = Release|Win32
		{599F067B-35F1-4C61-A28D-CD459A2019BB}.Release|x86.Deploy.0 = Release|Win32
		{E164EF98-9474-49A9-A047-C6D741A77E5D}.Debug|ARM.ActiveCfg = Debug|Win32
		{E164EF98-9474-49A9-A047-C6D741A77E5D}.Debug|ARM64.ActiveCfg = Debug|Win32
		{E164EF98-9474-49A9-A047-C6D741A77E5D}.Debug|x64.ActiveCfg = Debug|x64
		{E164EF98-9474-49A9-A047-C6D741A77E5D}.Debug|x64.Build.0 = Debug|x64
		{E164EF98-9474-49A9-A047-C6D741A77E5D}.Debug|x86.ActiveCfg = Debug|Win32
		{E164EF98-9474-49A9-A047-C6D741A77E5D}.Debug|x86.Build.0 = Debug|Win32
		{E164EF98-9474-49A9-A047-C6D741A77E5D}.Release|ARM.ActiveCfg = Release|Win32
		{E164EF98-9474-49A9-A047-C6D741A77E5D}.Release|ARM64.ActiveCfg = Release|Win32
		{E164EF98-9474-49A9-A047-C6D741A77E5D}.Release|x64.ActiveCfg = Release|x64
		{E164EF98-9474-49A9-A047-C6D741A77E5D}.Release|x64.Build.0 = Release|x64
		{E164EF98-9474-49A9-A047-C6D741A77E5D}.Release|x86.ActiveCfg = Release|Win32
		{E164EF98-9474-49A9-A047-C6D741A77E5D}.Release|x86.Build.0 = Release|Win32
		{658E19EC-9353-465D-958F-9784C8080E37}.Debug|ARM.ActiveCfg = Debug|ARM
		{658E19EC-9353-465D-958F-9784C8080E37}.Debug|ARM.Build.0 = Debug|ARM
		{658E19EC-9353-465D-958F-9784C8080E37}.Debug|ARM.Deploy.0 = Debug|ARM
		{658E19EC-9353-465D-958F-9784C8080E37}.Debug|ARM64.ActiveCfg = Debug|ARM64
		{658E19EC-9353-465D-958F-9784C8080E37}.Debug|ARM64.Build.0 = Debug|ARM64
		{658E19EC-9353-465D-958F-9784C8080E37}.Debug|ARM64.Deploy.0 = Debug|ARM64
		{658E19EC-9353-465D-958F-9784C8080E37}.Debug|x64.ActiveCfg = Debug|x64
		{658E19EC-9353-465D-958F-9784C8080E37}.Debug|x64.Build.0 = Debug|x64
		{658E19EC-9353-465D-958F-9784C8080E37}.Debug|x64.Deploy.0 = Debug|x64
		{658E19EC-9353-465D-958F-9784C8080E37}.Debug|x86.ActiveCfg = Debug|Win32
		{658E19EC-9353-465D-958F-9784C8080E37}.Debug|x86.Build.0 = Debug|Win32
		{658E19EC-9353-465D-958F-9784C8080E37}.Debug|x86.Deploy.0 = Debug|Win32
		{658E19EC-9353-465D-958F-9784C8080E37}.Release|ARM.ActiveCfg = Release|ARM
		{658E19EC-9353-465D-958F-9784C8080E37}.Release|ARM.Build.0 = Release|ARM
		{658E19EC-9353-465D-958F-9784C8080E37}.Release|ARM.Deploy.0 = Release|ARM
		{658E19EC-9353-465D-958F-9784C8080E37}.Release|ARM64.ActiveCfg = Release|ARM64
		{658E19EC-9353-465D-958F-9784C8080E37}.Release|ARM64.Build.0 = Release|ARM64
		{658E19EC-9353-465D-958F-9784C8080E37}.Release|ARM64.Deploy.0 = Release|ARM64
		{658E19EC-9353-465D-958F-9784C8080E37}.Release|x64.ActiveCfg = Release|x64
		{658E19EC-9353-465D-958F-9784C8080E37}.Release|x64.Build.0 = Release|x64
		{658E19EC-9353-465D-958F-9784C8080E37}.Release|x64.Deploy.0 = Release|x64
		{658E19EC-9353-465D-958F-9784C8080E37}.Release|x86.ActiveCfg = Release|Win32
		{658E19EC-9353-465D-958F-9784C8080E37}.Release|x86.Build.0 = Release|Win32
		{658E19EC-9353-465D-958F-9784C8080E37}.Release|x86.Deploy.0 = Release|Win32
		{E2FA9724-D24B-4DC0-8F76-3C04D90ED926}.Debug|ARM.ActiveCfg = Debug|Win32
		{E2FA9724-D24B-4DC0-8F76-3C04D90ED926}.Debug|ARM64.ActiveCfg = Debug|Win32
		{E2FA9724-D24B-4DC0-8F76-3C04D90ED926}.Debug|x64.ActiveCfg = Debug|x64
		{E2FA9724-D24B-4DC0-8F76-3C04D90ED926}.Debug|x64.Build.0 = Debug|x64
		{E2FA9724-D24B-4DC0-8F76-3C04D90ED926}.Debug|x86.ActiveCfg = Debug|Win32
		{E2FA9724-D24B-4DC0-8F76-3C04D90ED926}.Debug|x86.Build.0 = Debug|Win32
		{E2FA9724-D24B-4DC0-8F76-3C04D90ED926}.Release|ARM.ActiveCfg = Release|Win32
		{E2FA9724-D24B-4DC0-8F76-3C04D90ED926}.Release|ARM64.ActiveCfg = Release|Win32
		{E2FA9724-D24B-4DC0-8F76-3C04D90ED926}.Release|x64.ActiveCfg = Release|x64
		{E2FA9724-D24B-4DC0-8F76-3C04D90ED926}.Release|x64.Build.0 = Release|x64
		{E2FA9724-D24B-4DC0-8F76-3C04D90ED926}.Release|x86.ActiveCfg = Release|Win32
		{E2FA9724-D24B-4DC0-8F76-3C04D90ED926}.Release|x86.Build.0 = Release|Win32
		{8846F9A0-7628-483B-800F-CB5458D4AD52}.Debug|ARM.ActiveCfg = Debug|Win32
		{8846F9A0-7628-483B-800F-CB5458D4AD52}.Debug|ARM64.ActiveCfg = Debug|Win32
		{8846F9A0-7628-483B-800F-CB5458D4AD52}.Debug|x64.ActiveCfg = Debug|x64
		{8846F9A0-7628-483B-800F-CB5458D4AD52}.Debug|x64.Build.0 = Debug|x64
		{8846F9A0-7628-483B-800F-CB5458D4AD52}.Debug|x86.ActiveCfg = Debug|Win32
		{8846F9A0-7628-483B-800F-CB5458D4AD52}.Debug|x86.Build.0 = Debug|Win32
		{8846F9A0-7628-483B-800F-CB5458D4AD52}.Release|ARM.ActiveCfg = Release|Win32
		{8846F9A0-7628-483B-800F-CB5458D4AD52}.Release|ARM64.ActiveCfg = Release|Win32
		{8846F9A0-7628-483B-800F-CB5458D4AD52}.Release|x64.ActiveCfg = Release|x64
		{8846F9A0-7628-483B-800F-CB5458D4AD52}.Release|x64.Build.0 = Release|x64
		{8846F9A0-7628-483B-800F-CB5458D4AD52}.Release|x86.ActiveCfg = Release|Win32
		{8846F9A0-7628-483B-800F-CB5458D4AD52}.Release|x86.Build.0 = Release|Win32
		{3B111C76-ABE7-4BC3-9707-266587996EB1}.Debug|ARM.ActiveCfg = Debug|Win32
		{3B111C76-ABE7-4BC3-9707-266587996EB1}.Debug|ARM64.ActiveCfg = Debug|Win32
		{3B111C76-ABE7-4BC3-9707-266587996EB1}.Debug|x64.ActiveCfg = Debug|x64
		{3B111C76-ABE7-4BC3-9707-266587996EB1}.Debug|x64.Build.0 = Debug|x64
		{3B111C76-ABE7-4BC3-9707-266587996EB1}.Debug|x86.ActiveCfg = Debug|Win32
		{3B111C76-ABE7-4BC3-9707-266587996EB1}.Debug|x86.Build.0 = Debug|Win32
		{3B111C76-ABE7-4BC3-9707-266587996EB1}.Release|ARM.ActiveCfg = Release|Win32
		{3B111C76-ABE7-4BC3-9707-266587996EB1}.Release|ARM64.ActiveCfg = Release|Win32
		{3B111C76-ABE7-4BC3-9707-266587996EB1}.Release|x64.ActiveCfg = Release|x64
		{3B111C76-ABE7-4BC3-9707-266587996EB1}.Release|x64.Build.0 = Release|x64
		{3B111C76-ABE7-4BC3-9707-266587996EB1}.Release|x86.ActiveCfg = Release|Win32
		{3B111C76-ABE7-4BC3-9707-266587996EB1}.Release|x86.Build.0 = Release|Win32
		{AC7C807E-5084-4C9B-AB5E-3F60063C8423}.Debug|ARM.ActiveCfg = Debug|Win32
		{AC7C807E-5084-4C9B-AB5E-3F60063C8423}.Debug|ARM64.ActiveCfg = Debug|Win32
		{AC7C807E-5084-4C9B-AB5E-3F60063C8423}.Debug|x64.ActiveCfg = Debug|x64
		{AC7C807E-5084-4C9B-AB5E-3F60063C8423}.Debug|x64.Build.0 = Debug|x64
		{AC7C807E-5084-4C9B-AB5E-3F60063C8423}.Debug|x86.ActiveCfg = Debug|Win32
		{AC7C807E-5084-4C9B-AB5E-3F60063C8423}.Debug|x86.Build.0 = Debug|Win32
		{AC7C807E-5084-4C9B-AB5E-3F60063C8423}.Release|ARM.ActiveCfg = Release|Win32
		{AC7C807E-5084-4C9B-AB5E-3F60063C8423}.Release|ARM64.ActiveCfg = Release|Win32
		{AC7C807E-5084-4C9B-AB5E-3F60063C8423}.Release|x64.ActiveCfg = Release|x64
		{AC7C807E-5084-4C9B-AB5E-3F60063C8423}.Release|x64.Build.0 = Release|x64
		{AC7C807E-5084-4C9B-AB5E-3F60063C8423}.Release|x86.ActiveCfg = Release|Win32
		{AC7C807E-5084-4C9B-AB5E-3F60063C8423}.Release|x86.Build.0 = Release|Win32
	EndGlobalSection
	GlobalSection(SolutionProperties) = preSolution
		HideSolutionNode = FALSE
	EndGlobalSection
	GlobalSection(NestedProjects) = preSolution
		{D4914D9B-D4DA-4CDC-9797-82E402C7311A} = {68F285A0-18FE-4847-BD9E-48767C31CADE}
		{599F067B-35F1-4C61-A28D-CD459A2019BB} = {68F285A0-18FE-4847-BD9E-48767C31CADE}
		{E164EF98-9474-49A9-A047-C6D741A77E5D} = {53104E40-8C45-4E4A-B07D-9CE895D9AEBA}
		{658E19EC-9353-465D-958F-9784C8080E37} = {ED89F8A7-3331-4339-A011-B670C38F4D80}
		{E2FA9724-D24B-4DC0-8F76-3C04D90ED926} = {CD3267EE-1DB6-466F-991D-8BD1D28821C7}
		{8846F9A0-7628-483B-800F-CB5458D4AD52} = {CD3267EE-1DB6-466F-991D-8BD1D28821C7}
		{3B111C76-ABE7-4BC3-9707-266587996EB1} = {CD3267EE-1DB6-466F-991D-8BD1D28821C7}
		{AC7C807E-5084-4C9B-AB5E-3F60063C8423} = {53104E40-8C45-4E4A-B07D-9CE895D9AEBA}
	EndGlobalSection
EndGlobal
