<?xml version="1.0" encoding="utf-8"?>
<Project ToolsVersion="4.0" xmlns="http://schemas.microsoft.com/developer/msbuild/2003">
  <ItemGroup>
    <Filter Include="Source Files">
      <UniqueIdentifier>{4FC737F1-C7A5-4376-A066-2A32D752A2FF}</UniqueIdentifier>
      <Extensions>cpp;c;cc;cxx;def;odl;idl;hpj;bat;asm;asmx</Extensions>
    </Filter>
    <Filter Include="Header Files">
      <UniqueIdentifier>{93995380-89BD-4b04-88EB-625FBE52EBFB}</UniqueIdentifier>
      <Extensions>h;hpp;hxx;hm;inl;inc;xsd</Extensions>
    </Filter>
    <Filter Include="Resource Files">
      <UniqueIdentifier>{67DA6AB6-F800-4c08-8B7A-83BB121AAD01}</UniqueIdentifier>
      <Extensions>rc;ico;cur;bmp;dlg;rc2;rct;bin;rgs;gif;jpg;jpeg;jpe;resx;tiff;tif;png;wav;mfcribbon-ms</Extensions>
    </Filter>
    <Filter Include="Driver Files">
      <UniqueIdentifier>{8E41214B-6785-4CFE-B992-037D68949A14}</UniqueIdentifier>
      <Extensions>inf;inv;inx;mof;mc;</Extensions>
    </Filter>
  </ItemGroup>
  <ItemGroup>
    <Inf Include="npf.inf">
      <Filter>Driver Files</Filter>
    </Inf>
  </ItemGroup>
  <ItemGroup>
    <ClCompile Include="bucket_lookup.c">
      <Filter>Source Files</Filter>
    </ClCompile>
    <ClCompile Include="count_packets.c">
      <Filter>Source Files</Filter>
    </ClCompile>
    <ClCompile Include="dump.c">
      <Filter>Source Files</Filter>
    </ClCompile>
    <ClCompile Include="functions.c">
      <Filter>Source Files</Filter>
    </ClCompile>
    <ClCompile Include="jitter.c">
      <Filter>Source Files</Filter>
    </ClCompile>
    <ClCompile Include="Loopback.c">
      <Filter>Source Files</Filter>
    </ClCompile>
    <ClCompile Include="Lo_send.c">
      <Filter>Source Files</Filter>
    </ClCompile>
    <ClCompile Include="normal_lookup.c">
      <Filter>Source Files</Filter>
    </ClCompile>
    <ClCompile Include="Openclos.c">
      <Filter>Source Files</Filter>
    </ClCompile>
    <ClCompile Include="Packet.c">
      <Filter>Source Files</Filter>
    </ClCompile>
    <ClCompile Include="Read.c">
      <Filter>Source Files</Filter>
    </ClCompile>
    <ClCompile Include="tcp_session.c">
      <Filter>Source Files</Filter>
    </ClCompile>
    <ClCompile Include="tme.c">
      <Filter>Source Files</Filter>
    </ClCompile>
    <ClCompile Include="win_bpf_filter.c">
      <Filter>Source Files</Filter>
    </ClCompile>
    <ClCompile Include="win_bpf_filter_init.c">
      <Filter>Source Files</Filter>
    </ClCompile>
    <ClCompile Include="Write.c">
      <Filter>Source Files</Filter>
    </ClCompile>
  </ItemGroup>
  <ItemGroup>
    <ClInclude Include="..\config.h">
      <Filter>Header Files</Filter>
    </ClInclude>
    <ClInclude Include="include\bucket_lookup.h">
      <Filter>Header Files</Filter>
    </ClInclude>
    <ClInclude Include="include\count_packets.h">
      <Filter>Header Files</Filter>
    </ClInclude>
    <ClInclude Include="include\DEBUG.H">
      <Filter>Header Files</Filter>
    </ClInclude>
    <ClInclude Include="include\functions.h">
      <Filter>Header Files</Filter>
    </ClInclude>
    <ClInclude Include="include\ieee80211_radiotap.h">
      <Filter>Header Files</Filter>
    </ClInclude>
    <ClInclude Include="include\ioctls.h">
      <Filter>Header Files</Filter>
    </ClInclude>
    <ClInclude Include="include\jitter.h">
      <Filter>Header Files</Filter>
    </ClInclude>
    <ClInclude Include="include\Loopback.h">
      <Filter>Header Files</Filter>
    </ClInclude>
    <ClInclude Include="include\Lo_send.h">
      <Filter>Header Files</Filter>
    </ClInclude>
    <ClInclude Include="include\macros.h">
      <Filter>Header Files</Filter>
    </ClInclude>
    <ClInclude Include="include\memory_t.h">
      <Filter>Header Files</Filter>
    </ClInclude>
    <ClInclude Include="include\normal_lookup.h">
      <Filter>Header Files</Filter>
    </ClInclude>
    <ClInclude Include="include\Packet.h">
      <Filter>Header Files</Filter>
    </ClInclude>
    <ClInclude Include="include\stdafx.h">
      <Filter>Header Files</Filter>
    </ClInclude>
    <ClInclude Include="include\tcp_session.h">
      <Filter>Header Files</Filter>
    </ClInclude>
    <ClInclude Include="include\time_calls.h">
      <Filter>Header Files</Filter>
    </ClInclude>
    <ClInclude Include="include\tme.h">
      <Filter>Header Files</Filter>
    </ClInclude>
    <ClInclude Include="include\valid_insns.h">
      <Filter>Header Files</Filter>
    </ClInclude>
    <ClInclude Include="include\win_bpf.h">
      <Filter>Header Files</Filter>
    </ClInclude>
    <ClInclude Include="include\win_bpf_filter_init.h">
      <Filter>Header Files</Filter>
    </ClInclude>
  </ItemGroup>
</Project>